
Microsoft Visual Studio Solution File, Format Version 12.00
# Visual Studio Version 16
VisualStudioVersion = 16.0.30804.86
MinimumVisualStudioVersion = 10.0.40219.1
Project("{FAE04EC0-301F-11D3-BF4B-00C04F79EFBC}") = "CIS560Project", "CIS560Project\CIS560Project.csproj", "{53F91F4F-7B95-4218-BF45-3330ED33F167}"
EndProject
Global
	GlobalSection(SolutionConfigurationPlatforms) = preSolution
		Debug|Any CPU = Debug|Any CPU
		Release|Any CPU = Release|Any CPU
	EndGlobalSection
	GlobalSection(ProjectConfigurationPlatforms) = postSolution
		{53F91F4F-7B95-4218-BF45-3330ED33F167}.Debug|Any CPU.ActiveCfg = Debug|Any CPU
		{53F91F4F-7B95-4218-BF45-3330ED33F167}.Debug|Any CPU.Build.0 = Debug|Any CPU
		{53F91F4F-7B95-4218-BF45-3330ED33F167}.Release|Any CPU.ActiveCfg = Release|Any CPU
		{53F91F4F-7B95-4218-BF45-3330ED33F167}.Release|Any CPU.Build.0 = Release|Any CPU
	EndGlobalSection
	GlobalSection(SolutionProperties) = preSolution
		HideSolutionNode = FALSE
	EndGlobalSection
	GlobalSection(ExtensibilityGlobals) = postSolution
		SolutionGuid = {105FF90B-8FCD-41BC-8883-9B6E3FA172AE}
	EndGlobalSection
EndGlobal
